
Microsoft Visual Studio Solution File, Format Version 12.00
# Visual Studio Version 16
VisualStudioVersion = 16.0.30709.132
MinimumVisualStudioVersion = 10.0.40219.1
Project("{FAE04EC0-301F-11D3-BF4B-00C04F79EFBC}") = "ConsoleApp1", "ConsoleApp1.csproj", "{107F2DED-334F-41D0-82B5-720B9F97879B}"
EndProject
Global
	GlobalSection(SolutionConfigurationPlatforms) = preSolution
		Debug|Any CPU = Debug|Any CPU
		Release|Any CPU = Release|Any CPU
	EndGlobalSection
	GlobalSection(ProjectConfigurationPlatforms) = postSolution
		{107F2DED-334F-41D0-82B5-720B9F97879B}.Debug|Any CPU.ActiveCfg = Debug|Any CPU
		{107F2DED-334F-41D0-82B5-720B9F97879B}.Debug|Any CPU.Build.0 = Debug|Any CPU
		{107F2DED-334F-41D0-82B5-720B9F97879B}.Release|Any CPU.ActiveCfg = Release|Any CPU
		{107F2DED-334F-41D0-82B5-720B9F97879B}.Release|Any CPU.Build.0 = Release|Any CPU
	EndGlobalSection
	GlobalSection(SolutionProperties) = preSolution
		HideSolutionNode = FALSE
	EndGlobalSection
	GlobalSection(ExtensibilityGlobals) = postSolution
		SolutionGuid = {563751D5-EDA8-4B4B-B8D0-D087E8D9C628}
	EndGlobalSection
EndGlobal
